// !$*UTF8*$!
{
	archiveVersion = 1;
	classes = {
	};
	objectVersion = 46;
	objects = {

/* Begin PBXBuildFile section */
		D325E2361AA7FA6400594664 /* AppDelegate.swift in Sources */ = {isa = PBXBuildFile; fileRef = D325E2351AA7FA6400594664 /* AppDelegate.swift */; };
		D325E2381AA7FA6400594664 /* RecordSoundsViewController.swift in Sources */ = {isa = PBXBuildFile; fileRef = D325E2371AA7FA6400594664 /* RecordSoundsViewController.swift */; };
		D325E23B1AA7FA6400594664 /* Main.storyboard in Resources */ = {isa = PBXBuildFile; fileRef = D325E2391AA7FA6400594664 /* Main.storyboard */; };
		D325E23D1AA7FA6400594664 /* Images.xcassets in Resources */ = {isa = PBXBuildFile; fileRef = D325E23C1AA7FA6400594664 /* Images.xcassets */; };
		D325E2401AA7FA6400594664 /* LaunchScreen.xib in Resources */ = {isa = PBXBuildFile; fileRef = D325E23E1AA7FA6400594664 /* LaunchScreen.xib */; };
		D325E24C1AA7FA6400594664 /* Pitch_PerfectTests.swift in Sources */ = {isa = PBXBuildFile; fileRef = D325E24B1AA7FA6400594664 /* Pitch_PerfectTests.swift */; };
		D356973A1AA897030020468C /* PlaySoundsViewController.swift in Sources */ = {isa = PBXBuildFile; fileRef = D35697391AA897030020468C /* PlaySoundsViewController.swift */; };
		D356973C1AA89AEF0020468C /* movie_quote.mp3 in Resources */ = {isa = PBXBuildFile; fileRef = D356973B1AA89AEF0020468C /* movie_quote.mp3 */; };
		D3F43B871AA95853004035A6 /* RecordedAudio.swift in Sources */ = {isa = PBXBuildFile; fileRef = D3F43B861AA95853004035A6 /* RecordedAudio.swift */; };
/* End PBXBuildFile section */

/* Begin PBXContainerItemProxy section */
		D325E2461AA7FA6400594664 /* PBXContainerItemProxy */ = {
			isa = PBXContainerItemProxy;
			containerPortal = D325E2281AA7FA6400594664 /* Project object */;
			proxyType = 1;
			remoteGlobalIDString = D325E22F1AA7FA6400594664;
			remoteInfo = "Pitch Perfect";
		};
/* End PBXContainerItemProxy section */

/* Begin PBXFileReference section */
		D325E2301AA7FA6400594664 /* Pitch Perfect.app */ = {isa = PBXFileReference; explicitFileType = wrapper.application; includeInIndex = 0; path = "Pitch Perfect.app"; sourceTree = BUILT_PRODUCTS_DIR; };
		D325E2341AA7FA6400594664 /* Info.plist */ = {isa = PBXFileReference; lastKnownFileType = text.plist.xml; path = Info.plist; sourceTree = "<group>"; };
		D325E2351AA7FA6400594664 /* AppDelegate.swift */ = {isa = PBXFileReference; lastKnownFileType = sourcecode.swift; path = AppDelegate.swift; sourceTree = "<group>"; };
		D325E2371AA7FA6400594664 /* RecordSoundsViewController.swift */ = {isa = PBXFileReference; lastKnownFileType = sourcecode.swift; path = RecordSoundsViewController.swift; sourceTree = "<group>"; };
		D325E23A1AA7FA6400594664 /* Base */ = {isa = PBXFileReference; lastKnownFileType = file.storyboard; name = Base; path = Base.lproj/Main.storyboard; sourceTree = "<group>"; };
		D325E23C1AA7FA6400594664 /* Images.xcassets */ = {isa = PBXFileReference; lastKnownFileType = folder.assetcatalog; path = Images.xcassets; sourceTree = "<group>"; };
		D325E23F1AA7FA6400594664 /* Base */ = {isa = PBXFileReference; lastKnownFileType = file.xib; name = Base; path = Base.lproj/LaunchScreen.xib; sourceTree = "<group>"; };
		D325E2451AA7FA6400594664 /* Pitch PerfectTests.xctest */ = {isa = PBXFileReference; explicitFileType = wrapper.cfbundle; includeInIndex = 0; path = "Pitch PerfectTests.xctest"; sourceTree = BUILT_PRODUCTS_DIR; };
		D325E24A1AA7FA6400594664 /* Info.plist */ = {isa = PBXFileReference; lastKnownFileType = text.plist.xml; path = Info.plist; sourceTree = "<group>"; };
		D325E24B1AA7FA6400594664 /* Pitch_PerfectTests.swift */ = {isa = PBXFileReference; lastKnownFileType = sourcecode.swift; path = Pitch_PerfectTests.swift; sourceTree = "<group>"; };
		D35697391AA897030020468C /* PlaySoundsViewController.swift */ = {isa = PBXFileReference; fileEncoding = 4; lastKnownFileType = sourcecode.swift; path = PlaySoundsViewController.swift; sourceTree = "<group>"; };
		D356973B1AA89AEF0020468C /* movie_quote.mp3 */ = {isa = PBXFileReference; lastKnownFileType = audio.mp3; path = movie_quote.mp3; sourceTree = "<group>"; };
		D3F43B861AA95853004035A6 /* RecordedAudio.swift */ = {isa = PBXFileReference; fileEncoding = 4; lastKnownFileType = sourcecode.swift; path = RecordedAudio.swift; sourceTree = "<group>"; };
/* End PBXFileReference section */

/* Begin PBXFrameworksBuildPhase section */
		D325E22D1AA7FA6400594664 /* Frameworks */ = {
			isa = PBXFrameworksBuildPhase;
			buildActionMask = 2147483647;
			files = (
			);
			runOnlyForDeploymentPostprocessing = 0;
		};
		D325E2421AA7FA6400594664 /* Frameworks */ = {
			isa = PBXFrameworksBuildPhase;
			buildActionMask = 2147483647;
			files = (
			);
			runOnlyForDeploymentPostprocessing = 0;
		};
/* End PBXFrameworksBuildPhase section */

/* Begin PBXGroup section */
		D325E2271AA7FA6400594664 = {
			isa = PBXGroup;
			children = (
				D325E2321AA7FA6400594664 /* Pitch Perfect */,
				D325E2481AA7FA6400594664 /* Pitch PerfectTests */,
				D325E2311AA7FA6400594664 /* Products */,
			);
			sourceTree = "<group>";
		};
		D325E2311AA7FA6400594664 /* Products */ = {
			isa = PBXGroup;
			children = (
				D325E2301AA7FA6400594664 /* Pitch Perfect.app */,
				D325E2451AA7FA6400594664 /* Pitch PerfectTests.xctest */,
			);
			name = Products;
			sourceTree = "<group>";
		};
		D325E2321AA7FA6400594664 /* Pitch Perfect */ = {
			isa = PBXGroup;
			children = (
				D325E2351AA7FA6400594664 /* AppDelegate.swift */,
				D325E2371AA7FA6400594664 /* RecordSoundsViewController.swift */,
				D3F43B861AA95853004035A6 /* RecordedAudio.swift */,
				D325E2391AA7FA6400594664 /* Main.storyboard */,
				D35697391AA897030020468C /* PlaySoundsViewController.swift */,
				D325E23C1AA7FA6400594664 /* Images.xcassets */,
				D325E23E1AA7FA6400594664 /* LaunchScreen.xib */,
				D325E2331AA7FA6400594664 /* Supporting Files */,
			);
			path = "Pitch Perfect";
			sourceTree = "<group>";
		};
		D325E2331AA7FA6400594664 /* Supporting Files */ = {
			isa = PBXGroup;
			children = (
				D356973B1AA89AEF0020468C /* movie_quote.mp3 */,
				D325E2341AA7FA6400594664 /* Info.plist */,
			);
			name = "Supporting Files";
			sourceTree = "<group>";
		};
		D325E2481AA7FA6400594664 /* Pitch PerfectTests */ = {
			isa = PBXGroup;
			children = (
				D325E24B1AA7FA6400594664 /* Pitch_PerfectTests.swift */,
				D325E2491AA7FA6400594664 /* Supporting Files */,
			);
			path = "Pitch PerfectTests";
			sourceTree = "<group>";
		};
		D325E2491AA7FA6400594664 /* Supporting Files */ = {
			isa = PBXGroup;
			children = (
				D325E24A1AA7FA6400594664 /* Info.plist */,
			);
			name = "Supporting Files";
			sourceTree = "<group>";
		};
/* End PBXGroup section */

/* Begin PBXNativeTarget section */
		D325E22F1AA7FA6400594664 /* Pitch Perfect */ = {
			isa = PBXNativeTarget;
			buildConfigurationList = D325E24F1AA7FA6400594664 /* Build configuration list for PBXNativeTarget "Pitch Perfect" */;
			buildPhases = (
				D325E22C1AA7FA6400594664 /* Sources */,
				D325E22D1AA7FA6400594664 /* Frameworks */,
				D325E22E1AA7FA6400594664 /* Resources */,
			);
			buildRules = (
			);
			dependencies = (
			);
			name = "Pitch Perfect";
			productName = "Pitch Perfect";
			productReference = D325E2301AA7FA6400594664 /* Pitch Perfect.app */;
			productType = "com.apple.product-type.application";
		};
		D325E2441AA7FA6400594664 /* Pitch PerfectTests */ = {
			isa = PBXNativeTarget;
			buildConfigurationList = D325E2521AA7FA6400594664 /* Build configuration list for PBXNativeTarget "Pitch PerfectTests" */;
			buildPhases = (
				D325E2411AA7FA6400594664 /* Sources */,
				D325E2421AA7FA6400594664 /* Frameworks */,
				D325E2431AA7FA6400594664 /* Resources */,
			);
			buildRules = (
			);
			dependencies = (
				D325E2471AA7FA6400594664 /* PBXTargetDependency */,
			);
			name = "Pitch PerfectTests";
			productName = "Pitch PerfectTests";
			productReference = D325E2451AA7FA6400594664 /* Pitch PerfectTests.xctest */;
			productType = "com.apple.product-type.bundle.unit-test";
		};
/* End PBXNativeTarget section */

/* Begin PBXProject section */
		D325E2281AA7FA6400594664 /* Project object */ = {
			isa = PBXProject;
			attributes = {
				LastUpgradeCheck = 0610;
				ORGANIZATIONNAME = "Brian Saunders";
				TargetAttributes = {
					D325E22F1AA7FA6400594664 = {
						CreatedOnToolsVersion = 6.1.1;
					};
					D325E2441AA7FA6400594664 = {
						CreatedOnToolsVersion = 6.1.1;
						TestTargetID = D325E22F1AA7FA6400594664;
					};
				};
			};
			buildConfigurationList = D325E22B1AA7FA6400594664 /* Build configuration list for PBXProject "Pitch Perfect" */;
			compatibilityVersion = "Xcode 3.2";
			developmentRegion = English;
			hasScannedForEncodings = 0;
			knownRegions = (
				en,
				Base,
			);
			mainGroup = D325E2271AA7FA6400594664;
			productRefGroup = D325E2311AA7FA6400594664 /* Products */;
			projectDirPath = "";
			projectRoot = "";
			targets = (
				D325E22F1AA7FA6400594664 /* Pitch Perfect */,
				D325E2441AA7FA6400594664 /* Pitch PerfectTests */,
			);
		};
/* End PBXProject section */

/* Begin PBXResourcesBuildPhase section */
		D325E22E1AA7FA6400594664 /* Resources */ = {
			isa = PBXResourcesBuildPhase;
			buildActionMask = 2147483647;
			files = (
				D325E23B1AA7FA6400594664 /* Main.storyboard in Resources */,
				D325E2401AA7FA6400594664 /* LaunchScreen.xib in Resources */,
				D356973C1AA89AEF0020468C /* movie_quote.mp3 in Resources */,
				D325E23D1AA7FA6400594664 /* Images.xcassets in Resources */,
			);
			runOnlyForDeploymentPostprocessing = 0;
		};
		D325E2431AA7FA6400594664 /* Resources */ = {
			isa = PBXResourcesBuildPhase;
			buildActionMask = 2147483647;
			files = (
			);
			runOnlyForDeploymentPostprocessing = 0;
		};
/* End PBXResourcesBuildPhase section */

/* Begin PBXSourcesBuildPhase section */
		D325E22C1AA7FA6400594664 /* Sources */ = {
			isa = PBXSourcesBuildPhase;
			buildActionMask = 2147483647;
			files = (
				D3F43B871AA95853004035A6 /* RecordedAudio.swift in Sources */,
				D325E2381AA7FA6400594664 /* RecordSoundsViewController.swift in Sources */,
				D356973A1AA897030020468C /* PlaySoundsViewController.swift in Sources */,
				D325E2361AA7FA6400594664 /* AppDelegate.swift in Sources */,
			);
			runOnlyForDeploymentPostprocessing = 0;
		};
		D325E2411AA7FA6400594664 /* Sources */ = {
			isa = PBXSourcesBuildPhase;
			buildActionMask = 2147483647;
			files = (
				D325E24C1AA7FA6400594664 /* Pitch_PerfectTests.swift in Sources */,
			);
			runOnlyForDeploymentPostprocessing = 0;
		};
/* End PBXSourcesBuildPhase section */

/* Begin PBXTargetDependency section */
		D325E2471AA7FA6400594664 /* PBXTargetDependency */ = {
			isa = PBXTargetDependency;
			target = D325E22F1AA7FA6400594664 /* Pitch Perfect */;
			targetProxy = D325E2461AA7FA6400594664 /* PBXContainerItemProxy */;
		};
/* End PBXTargetDependency section */

/* Begin PBXVariantGroup section */
		D325E2391AA7FA6400594664 /* Main.storyboard */ = {
			isa = PBXVariantGroup;
			children = (
				D325E23A1AA7FA6400594664 /* Base */,
			);
			name = Main.storyboard;
			sourceTree = "<group>";
		};
		D325E23E1AA7FA6400594664 /* LaunchScreen.xib */ = {
			isa = PBXVariantGroup;
			children = (
				D325E23F1AA7FA6400594664 /* Base */,
			);
			name = LaunchScreen.xib;
			sourceTree = "<group>";
		};
/* End PBXVariantGroup section */

/* Begin XCBuildConfiguration section */
		D325E24D1AA7FA6400594664 /* Debug */ = {
			isa = XCBuildConfiguration;
			buildSettings = {
				ALWAYS_SEARCH_USER_PATHS = NO;
				CLANG_CXX_LANGUAGE_STANDARD = "gnu++0x";
				CLANG_CXX_LIBRARY = "libc++";
				CLANG_ENABLE_MODULES = YES;
				CLANG_ENABLE_OBJC_ARC = YES;
				CLANG_WARN_BOOL_CONVERSION = YES;
				CLANG_WARN_CONSTANT_CONVERSION = YES;
				CLANG_WARN_DIRECT_OBJC_ISA_USAGE = YES_ERROR;
				CLANG_WARN_EMPTY_BODY = YES;
				CLANG_WARN_ENUM_CONVERSION = YES;
				CLANG_WARN_INT_CONVERSION = YES;
				CLANG_WARN_OBJC_ROOT_CLASS = YES_ERROR;
				CLANG_WARN_UNREACHABLE_CODE = YES;
				CLANG_WARN__DUPLICATE_METHOD_MATCH = YES;
				"CODE_SIGN_IDENTITY[sdk=iphoneos*]" = "iPhone Developer";
				COPY_PHASE_STRIP = NO;
				ENABLE_STRICT_OBJC_MSGSEND = YES;
				GCC_C_LANGUAGE_STANDARD = gnu99;
				GCC_DYNAMIC_NO_PIC = NO;
				GCC_OPTIMIZATION_LEVEL = 0;
				GCC_PREPROCESSOR_DEFINITIONS = (
					"DEBUG=1",
					"$(inherited)",
				);
				GCC_SYMBOLS_PRIVATE_EXTERN = NO;
				GCC_WARN_64_TO_32_BIT_CONVERSION = YES;
				GCC_WARN_ABOUT_RETURN_TYPE = YES_ERROR;
				GCC_WARN_UNDECLARED_SELECTOR = YES;
				GCC_WARN_UNINITIALIZED_AUTOS = YES_AGGRESSIVE;
				GCC_WARN_UNUSED_FUNCTION = YES;
				GCC_WARN_UNUSED_VARIABLE = YES;
				IPHONEOS_DEPLOYMENT_TARGET = 8.1;
				MTL_ENABLE_DEBUG_INFO = YES;
				ONLY_ACTIVE_ARCH = YES;
				SDKROOT = iphoneos;
				SWIFT_OPTIMIZATION_LEVEL = "-Onone";
			};
			name = Debug;
		};
		D325E24E1AA7FA6400594664 /* Release */ = {
			isa = XCBuildConfiguration;
			buildSettings = {
				ALWAYS_SEARCH_USER_PATHS = NO;
				CLANG_CXX_LANGUAGE_STANDARD = "gnu++0x";
				CLANG_CXX_LIBRARY = "libc++";
				CLANG_ENABLE_MODULES = YES;
				CLANG_ENABLE_OBJC_ARC = YES;
				CLANG_WARN_BOOL_CONVERSION = YES;
				CLANG_WARN_CONSTANT_CONVERSION = YES;
				CLANG_WARN_DIRECT_OBJC_ISA_USAGE = YES_ERROR;
				CLANG_WARN_EMPTY_BODY = YES;
				CLANG_WARN_ENUM_CONVERSION = YES;
				CLANG_WARN_INT_CONVERSION = YES;
				CLANG_WARN_OBJC_ROOT_CLASS = YES_ERROR;
				CLANG_WARN_UNREACHABLE_CODE = YES;
				CLANG_WARN__DUPLICATE_METHOD_MATCH = YES;
				"CODE_SIGN_IDENTITY[sdk=iphoneos*]" = "iPhone Developer";
				COPY_PHASE_STRIP = YES;
				ENABLE_NS_ASSERTIONS = NO;
				ENABLE_STRICT_OBJC_MSGSEND = YES;
				GCC_C_LANGUAGE_STANDARD = gnu99;
				GCC_WARN_64_TO_32_BIT_CONVERSION = YES;
				GCC_WARN_ABOUT_RETURN_TYPE = YES_ERROR;
				GCC_WARN_UNDECLARED_SELECTOR = YES;
				GCC_WARN_UNINITIALIZED_AUTOS = YES_AGGRESSIVE;
				GCC_WARN_UNUSED_FUNCTION = YES;
				GCC_WARN_UNUSED_VARIABLE = YES;
				IPHONEOS_DEPLOYMENT_TARGET = 8.1;
				MTL_ENABLE_DEBUG_INFO = NO;
				SDKROOT = iphoneos;
				VALIDATE_PRODUCT = YES;
			};
			name = Release;
		};
		D325E2501AA7FA6400594664 /* Debug */ = {
			isa = XCBuildConfiguration;
			buildSettings = {
				ASSETCATALOG_COMPILER_APPICON_NAME = AppIcon;
				INFOPLIST_FILE = "Pitch Perfect/Info.plist";
				LD_RUNPATH_SEARCH_PATHS = "$(inherited) @executable_path/Frameworks";
				PRODUCT_NAME = "$(TARGET_NAME)";
			};
			name = Debug;
		};
		D325E2511AA7FA6400594664 /* Release */ = {
			isa = XCBuildConfiguration;
			buildSettings = {
				ASSETCATALOG_COMPILER_APPICON_NAME = AppIcon;
				INFOPLIST_FILE = "Pitch Perfect/Info.plist";
				LD_RUNPATH_SEARCH_PATHS = "$(inherited) @executable_path/Frameworks";
				PRODUCT_NAME = "$(TARGET_NAME)";
			};
			name = Release;
		};
		D325E2531AA7FA6400594664 /* Debug */ = {
			isa = XCBuildConfiguration;
			buildSettings = {
				BUNDLE_LOADER = "$(TEST_HOST)";
				FRAMEWORK_SEARCH_PATHS = (
					"$(SDKROOT)/Developer/Library/Frameworks",
					"$(inherited)",
				);
				GCC_PREPROCESSOR_DEFINITIONS = (
					"DEBUG=1",
					"$(inherited)",
				);
				INFOPLIST_FILE = "Pitch PerfectTests/Info.plist";
				LD_RUNPATH_SEARCH_PATHS = "$(inherited) @executable_path/Frameworks @loader_path/Frameworks";
				PRODUCT_NAME = "$(TARGET_NAME)";
				TEST_HOST = "$(BUILT_PRODUCTS_DIR)/Pitch Perfect.app/Pitch Perfect";
			};
			name = Debug;
		};
		D325E2541AA7FA6400594664 /* Release */ = {
			isa = XCBuildConfiguration;
			buildSettings = {
				BUNDLE_LOADER = "$(TEST_HOST)";
				FRAMEWORK_SEARCH_PATHS = (
					"$(SDKROOT)/Developer/Library/Frameworks",
					"$(inherited)",
				);
				INFOPLIST_FILE = "Pitch PerfectTests/Info.plist";
				LD_RUNPATH_SEARCH_PATHS = "$(inherited) @executable_path/Frameworks @loader_path/Frameworks";
				PRODUCT_NAME = "$(TARGET_NAME)";
				TEST_HOST = "$(BUILT_PRODUCTS_DIR)/Pitch Perfect.app/Pitch Perfect";
			};
			name = Release;
		};
/* End XCBuildConfiguration section */

/* Begin XCConfigurationList section */
		D325E22B1AA7FA6400594664 /* Build configuration list for PBXProject "Pitch Perfect" */ = {
			isa = XCConfigurationList;
			buildConfigurations = (
				D325E24D1AA7FA6400594664 /* Debug */,
				D325E24E1AA7FA6400594664 /* Release */,
			);
			defaultConfigurationIsVisible = 0;
			defaultConfigurationName = Release;
		};
		D325E24F1AA7FA6400594664 /* Build configuration list for PBXNativeTarget "Pitch Perfect" */ = {
			isa = XCConfigurationList;
			buildConfigurations = (
				D325E2501AA7FA6400594664 /* Debug */,
				D325E2511AA7FA6400594664 /* Release */,
			);
			defaultConfigurationIsVisible = 0;
			defaultConfigurationName = Release;
		};
		D325E2521AA7FA6400594664 /* Build configuration list for PBXNativeTarget "Pitch PerfectTests" */ = {
			isa = XCConfigurationList;
			buildConfigurations = (
				D325E2531AA7FA6400594664 /* Debug */,
				D325E2541AA7FA6400594664 /* Release */,
			);
			defaultConfigurationIsVisible = 0;
			defaultConfigurationName = Release;
		};
/* End XCConfigurationList section */
	};
	rootObject = D325E2281AA7FA6400594664 /* Project object */;
}
